<?xml version="1.0" encoding="utf-8"?>
<Project ToolsVersion="4.0" xmlns="http://schemas.microsoft.com/developer/msbuild/2003">
  <ItemGroup>
    <Filter Include="win32">
      <UniqueIdentifier>{84a8ebd7-7cf0-47f6-b75e-d441df67da40}</UniqueIdentifier>
    </Filter>
    <Filter Include="resource">
      <UniqueIdentifier>{715254bc-d70b-4ec5-bf29-467dd3ace079}</UniqueIdentifier>
    </Filter>
    <Filter Include="src">
      <UniqueIdentifier>{bb6c862e-70e9-49d9-81b7-3829a6f50471}</UniqueIdentifier>
    </Filter>
    <Filter Include="src\AppDelegate">
      <UniqueIdentifier>{332453d1-965d-4c19-9685-d3b6f66b0864}</UniqueIdentifier>
    </Filter>
    <Filter Include="src\Game">
      <UniqueIdentifier>{014273a9-d88a-4575-a9d1-4c87f3005186}</UniqueIdentifier>
    </Filter>
    <Filter Include="src\Menu">
      <UniqueIdentifier>{ef3ab72e-2da2-443c-a363-7e95208aba0e}</UniqueIdentifier>
    </Filter>
    <Filter Include="src\Network">
      <UniqueIdentifier>{c3083eb6-c4f5-4966-94af-78030696c481}</UniqueIdentifier>
    </Filter>
    <Filter Include="src\Menu\Controller">
      <UniqueIdentifier>{a7f0a1ec-a666-473e-a684-515694a5c979}</UniqueIdentifier>
    </Filter>
    <Filter Include="src\Menu\View">
      <UniqueIdentifier>{d1cb5a8f-5060-4d13-aa57-9fcdfda4a20a}</UniqueIdentifier>
    </Filter>
    <Filter Include="Network">
      <UniqueIdentifier>{91d93271-8ab7-4612-a9a5-3347ccbbb9ef}</UniqueIdentifier>
    </Filter>
  </ItemGroup>
  <ItemGroup>
    <ClCompile Include="main.cpp">
      <Filter>win32</Filter>
    </ClCompile>
    <ClCompile Include="..\Classes\AppDelegate\AppDelegate.cpp">
      <Filter>src\AppDelegate</Filter>
    </ClCompile>
    <ClCompile Include="..\Classes\Menu\Controller\MenuViewController.cpp">
      <Filter>src\Menu\Controller</Filter>
    </ClCompile>
    <ClCompile Include="..\Classes\Menu\View\MenuLabel.cpp">
      <Filter>src\Menu\View</Filter>
    </ClCompile>
    <ClCompile Include="..\Classes\Menu\View\MenuLayer.cpp">
      <Filter>src\Menu\View</Filter>
    </ClCompile>
    <ClCompile Include="..\Classes\Network\Network.cpp">
      <Filter>src\Network</Filter>
    </ClCompile>
    <ClCompile Include="..\Classes\Game\GameViewController.cpp">
      <Filter>src\Game</Filter>
    </ClCompile>
    <ClCompile Include="..\Classes\Network\NetworkManager.cpp">
      <Filter>src\Network</Filter>
    </ClCompile>
    <ClCompile Include="..\..\lib\Network\Receiver.cpp">
      <Filter>Network</Filter>
    </ClCompile>
    <ClCompile Include="..\..\lib\Network\Transceiver.cpp">
      <Filter>Network</Filter>
    </ClCompile>
    <ClCompile Include="..\..\lib\Network\Transmitter.cpp">
      <Filter>Network</Filter>
    </ClCompile>
  </ItemGroup>
  <ItemGroup>
    <ClInclude Include="main.h">
      <Filter>win32</Filter>
    </ClInclude>
    <ClInclude Include="..\Classes\AppDelegate\AppDelegate.h">
      <Filter>src\AppDelegate</Filter>
    </ClInclude>
    <ClInclude Include="..\Classes\Menu\Controller\MenuViewController.hpp">
      <Filter>src\Menu\Controller</Filter>
    </ClInclude>
    <ClInclude Include="..\Classes\Menu\View\MenuLayer.hpp">
      <Filter>src\Menu\View</Filter>
    </ClInclude>
    <ClInclude Include="..\Classes\Menu\View\MenuLabel.hpp">
      <Filter>src\Menu\View</Filter>
    </ClInclude>
    <ClInclude Include="..\Classes\Network\Network.hpp">
      <Filter>src\Network</Filter>
    </ClInclude>
    <ClInclude Include="..\Classes\Game\GameViewController.hpp">
      <Filter>src\Game</Filter>
    </ClInclude>
    <ClInclude Include="..\..\lib\Network\General.hpp">
      <Filter>Network</Filter>
    </ClInclude>
    <ClInclude Include="..\..\lib\Network\Receiver.hpp">
      <Filter>Network</Filter>
    </ClInclude>
    <ClInclude Include="..\..\lib\Network\Transceiver.hpp">
      <Filter>Network</Filter>
    </ClInclude>
    <ClInclude Include="..\..\lib\Network\Transmitter.hpp">
      <Filter>Network</Filter>
    </ClInclude>
    <ClInclude Include="..\Classes\Network\NetworkManager.hpp">
      <Filter>src\Network</Filter>
    </ClInclude>
  </ItemGroup>
  <ItemGroup>
    <ResourceCompile Include="game.rc">
      <Filter>resource</Filter>
    </ResourceCompile>
  </ItemGroup>
</Project>