<?xml version="1.0" encoding="utf-8"?>
<Project ToolsVersion="4.0" xmlns="http://schemas.microsoft.com/developer/msbuild/2003">
  <ItemGroup>
    <Filter Include="Source Files">
      <UniqueIdentifier>{4FC737F1-C7A5-4376-A066-2A32D752A2FF}</UniqueIdentifier>
      <Extensions>cpp;c;cc;cxx;def;odl;idl;hpj;bat;asm;asmx</Extensions>
    </Filter>
    <Filter Include="Header Files">
      <UniqueIdentifier>{93995380-89BD-4b04-88EB-625FBE52EBFB}</UniqueIdentifier>
      <Extensions>h;hh;hpp;hxx;hm;inl;inc;ipp;xsd</Extensions>
    </Filter>
    <Filter Include="Resource Files">
      <UniqueIdentifier>{67DA6AB6-F800-4c08-8B7A-83BB121AAD01}</UniqueIdentifier>
      <Extensions>rc;ico;cur;bmp;dlg;rc2;rct;bin;rgs;gif;jpg;jpeg;jpe;resx;tiff;tif;png;wav;mfcribbon-ms</Extensions>
    </Filter>
    <Filter Include="Network">
      <UniqueIdentifier>{95b355db-3e7e-403b-8ba8-168dc8e5f200}</UniqueIdentifier>
    </Filter>
  </ItemGroup>
  <ItemGroup>
    <ClInclude Include="..\..\lib\Network\General.hpp">
      <Filter>Network</Filter>
    </ClInclude>
    <ClInclude Include="..\..\lib\Network\Receiver.hpp">
      <Filter>Network</Filter>
    </ClInclude>
    <ClInclude Include="..\..\lib\Network\Transceiver.hpp">
      <Filter>Network</Filter>
    </ClInclude>
    <ClInclude Include="..\..\lib\Network\Transmitter.hpp">
      <Filter>Network</Filter>
    </ClInclude>
    <ClInclude Include="..\..\GamePlay\Classes\Network\Network.hpp">
      <Filter>Header Files</Filter>
    </ClInclude>
  </ItemGroup>
  <ItemGroup>
    <ClCompile Include="NetworkMain.cpp">
      <Filter>Source Files</Filter>
    </ClCompile>
    <ClCompile Include="..\..\lib\Network\Receiver.cpp">
      <Filter>Network</Filter>
    </ClCompile>
    <ClCompile Include="..\..\lib\Network\Transceiver.cpp">
      <Filter>Network</Filter>
    </ClCompile>
    <ClCompile Include="..\..\lib\Network\Transmitter.cpp">
      <Filter>Network</Filter>
    </ClCompile>
    <ClCompile Include="..\..\GamePlay\Classes\Network\Network.cpp">
      <Filter>Source Files</Filter>
    </ClCompile>
  </ItemGroup>
</Project>